{
    "_readme": [
        "This file locks the dependencies of your project to a known state",
        "Read more about it at https://getcomposer.org/doc/01-basic-usage.md#installing-dependencies",
        "This file is @generated automatically"
    ],
    "content-hash": "d4c76f17b25e4843a3dd9642868ac88a",
    "packages": [
        {
            "name": "massfice/storage",
            "version": "1.0.3",
            "source": {
                "type": "git",
                "url": "https://github.com/Massfice/storage.git",
                "reference": "afe202fcb7350b1fe0ffb5d88d7819f7d0aa97a7"
            },
            "dist": {
                "type": "zip",
                "url": "https://api.github.com/repos/Massfice/storage/zipball/afe202fcb7350b1fe0ffb5d88d7819f7d0aa97a7",
                "reference": "afe202fcb7350b1fe0ffb5d88d7819f7d0aa97a7",
                "shasum": ""
            },
            "type": "library",
            "autoload": {
                "psr-4": {
                    "Massfice\\Storage\\": "src/"
                }
            },
            "notification-url": "https://packagist.org/downloads/",
            "license": [
                "MIT"
            ],
            "authors": [
                {
                    "name": "Massfice",
                    "email": "adrian.marian.tomasz.larysz@gmail.com"
                }
            ],
            "description": "Coming soon",
            "time": "2019-08-28T20:53:45+00:00"
        }
    ],
    "packages-dev": [],
    "aliases": [],
    "minimum-stability": "stable",
    "stability-flags": [],
    "prefer-stable": false,
    "prefer-lowest": false,
    "platform": [],
    "platform-dev": []
}
